// !$*UTF8*$!
{
	archiveVersion = 1;
	classes = {
	};
	objectVersion = 50;
	objects = {

/* Begin PBXBuildFile section */
		A07274C722F86654001D9E31 /* AppDelegate.swift in Sources */ = {isa = PBXBuildFile; fileRef = A07274C622F86654001D9E31 /* AppDelegate.swift */; };
		A07274C922F86654001D9E31 /* ViewController.swift in Sources */ = {isa = PBXBuildFile; fileRef = A07274C822F86654001D9E31 /* ViewController.swift */; };
		A07274CC22F86654001D9E31 /* Main.storyboard in Resources */ = {isa = PBXBuildFile; fileRef = A07274CA22F86654001D9E31 /* Main.storyboard */; };
		A07274CE22F86655001D9E31 /* Assets.xcassets in Resources */ = {isa = PBXBuildFile; fileRef = A07274CD22F86655001D9E31 /* Assets.xcassets */; };
		A07274D122F86655001D9E31 /* LaunchScreen.storyboard in Resources */ = {isa = PBXBuildFile; fileRef = A07274CF22F86655001D9E31 /* LaunchScreen.storyboard */; };
		A07274F122F86852001D9E31 /* Alamofire.framework in Frameworks */ = {isa = PBXBuildFile; fileRef = A07274E422F86737001D9E31 /* Alamofire.framework */; settings = {ATTRIBUTES = (Required, ); }; };
		A07274F222F86852001D9E31 /* Alamofire.framework in Embed Frameworks */ = {isa = PBXBuildFile; fileRef = A07274E422F86737001D9E31 /* Alamofire.framework */; settings = {ATTRIBUTES = (CodeSignOnCopy, RemoveHeadersOnCopy, ); }; };
		A07274F722F86AD8001D9E31 /* MyNetworkReachabilityManager.swift in Sources */ = {isa = PBXBuildFile; fileRef = A07274F622F86AD8001D9E31 /* MyNetworkReachabilityManager.swift */; };
		A0DA807522FDB2A900E28946 /* Simulator Screen Shot - iPhone Xʀ - 2019-07-21 at 21.51.00.png in Resources */ = {isa = PBXBuildFile; fileRef = A0DA806D22FDB2A900E28946 /* Simulator Screen Shot - iPhone Xʀ - 2019-07-21 at 21.51.00.png */; };
		A0DA807722FDB63E00E28946 /* Simulator Screen Shot - iPhone Xʀ - 2019-04-11 at 21.23.54.png in Resources */ = {isa = PBXBuildFile; fileRef = A0DA807622FDB63E00E28946 /* Simulator Screen Shot - iPhone Xʀ - 2019-04-11 at 21.23.54.png */; };
/* End PBXBuildFile section */

/* Begin PBXContainerItemProxy section */
		A07274E322F86737001D9E31 /* PBXContainerItemProxy */ = {
			isa = PBXContainerItemProxy;
			containerPortal = A07274D822F86737001D9E31 /* Alamofire.xcodeproj */;
			proxyType = 2;
			remoteGlobalIDString = F8111E3319A95C8B0040E7D1;
			remoteInfo = "Alamofire iOS";
		};
		A07274E522F86737001D9E31 /* PBXContainerItemProxy */ = {
			isa = PBXContainerItemProxy;
			containerPortal = A07274D822F86737001D9E31 /* Alamofire.xcodeproj */;
			proxyType = 2;
			remoteGlobalIDString = F8111E3E19A95C8B0040E7D1;
			remoteInfo = "Alamofire iOS Tests";
		};
		A07274E722F86737001D9E31 /* PBXContainerItemProxy */ = {
			isa = PBXContainerItemProxy;
			containerPortal = A07274D822F86737001D9E31 /* Alamofire.xcodeproj */;
			proxyType = 2;
			remoteGlobalIDString = 4DD67C0B1A5C55C900ED2280;
			remoteInfo = "Alamofire macOS";
		};
		A07274E922F86737001D9E31 /* PBXContainerItemProxy */ = {
			isa = PBXContainerItemProxy;
			containerPortal = A07274D822F86737001D9E31 /* Alamofire.xcodeproj */;
			proxyType = 2;
			remoteGlobalIDString = F829C6B21A7A94F100A2CD59;
			remoteInfo = "Alamofire macOS Tests";
		};
		A07274EB22F86737001D9E31 /* PBXContainerItemProxy */ = {
			isa = PBXContainerItemProxy;
			containerPortal = A07274D822F86737001D9E31 /* Alamofire.xcodeproj */;
			proxyType = 2;
			remoteGlobalIDString = 4CF626EF1BA7CB3E0011A099;
			remoteInfo = "Alamofire tvOS";
		};
		A07274ED22F86737001D9E31 /* PBXContainerItemProxy */ = {
			isa = PBXContainerItemProxy;
			containerPortal = A07274D822F86737001D9E31 /* Alamofire.xcodeproj */;
			proxyType = 2;
			remoteGlobalIDString = 4CF626F81BA7CB3E0011A099;
			remoteInfo = "Alamofire tvOS Tests";
		};
		A07274EF22F86737001D9E31 /* PBXContainerItemProxy */ = {
			isa = PBXContainerItemProxy;
			containerPortal = A07274D822F86737001D9E31 /* Alamofire.xcodeproj */;
			proxyType = 2;
			remoteGlobalIDString = E4202FE01B667AA100C997FB;
			remoteInfo = "Alamofire watchOS";
		};
		A07274F322F86852001D9E31 /* PBXContainerItemProxy */ = {
			isa = PBXContainerItemProxy;
			containerPortal = A07274D822F86737001D9E31 /* Alamofire.xcodeproj */;
			proxyType = 1;
			remoteGlobalIDString = F8111E3219A95C8B0040E7D1;
			remoteInfo = "Alamofire iOS";
		};
/* End PBXContainerItemProxy section */

/* Begin PBXCopyFilesBuildPhase section */
		A07274F522F86852001D9E31 /* Embed Frameworks */ = {
			isa = PBXCopyFilesBuildPhase;
			buildActionMask = 2147483647;
			dstPath = "";
			dstSubfolderSpec = 10;
			files = (
				A07274F222F86852001D9E31 /* Alamofire.framework in Embed Frameworks */,
			);
			name = "Embed Frameworks";
			runOnlyForDeploymentPostprocessing = 0;
		};
/* End PBXCopyFilesBuildPhase section */

/* Begin PBXFileReference section */
		A07274C322F86654001D9E31 /* study013.app */ = {isa = PBXFileReference; explicitFileType = wrapper.application; includeInIndex = 0; path = study013.app; sourceTree = BUILT_PRODUCTS_DIR; };
		A07274C622F86654001D9E31 /* AppDelegate.swift */ = {isa = PBXFileReference; lastKnownFileType = sourcecode.swift; path = AppDelegate.swift; sourceTree = "<group>"; };
		A07274C822F86654001D9E31 /* ViewController.swift */ = {isa = PBXFileReference; lastKnownFileType = sourcecode.swift; path = ViewController.swift; sourceTree = "<group>"; };
		A07274CB22F86654001D9E31 /* Base */ = {isa = PBXFileReference; lastKnownFileType = file.storyboard; name = Base; path = Base.lproj/Main.storyboard; sourceTree = "<group>"; };
		A07274CD22F86655001D9E31 /* Assets.xcassets */ = {isa = PBXFileReference; lastKnownFileType = folder.assetcatalog; path = Assets.xcassets; sourceTree = "<group>"; };
		A07274D022F86655001D9E31 /* Base */ = {isa = PBXFileReference; lastKnownFileType = file.storyboard; name = Base; path = Base.lproj/LaunchScreen.storyboard; sourceTree = "<group>"; };
		A07274D222F86655001D9E31 /* Info.plist */ = {isa = PBXFileReference; lastKnownFileType = text.plist.xml; path = Info.plist; sourceTree = "<group>"; };
		A07274D822F86737001D9E31 /* Alamofire.xcodeproj */ = {isa = PBXFileReference; lastKnownFileType = "wrapper.pb-project"; name = Alamofire.xcodeproj; path = "Alamofire-master/Alamofire.xcodeproj"; sourceTree = SOURCE_ROOT; };
		A07274F622F86AD8001D9E31 /* MyNetworkReachabilityManager.swift */ = {isa = PBXFileReference; lastKnownFileType = sourcecode.swift; path = MyNetworkReachabilityManager.swift; sourceTree = "<group>"; };
		A0DA806D22FDB2A900E28946 /* Simulator Screen Shot - iPhone Xʀ - 2019-07-21 at 21.51.00.png */ = {isa = PBXFileReference; lastKnownFileType = image.png; name = "Simulator Screen Shot - iPhone Xʀ - 2019-07-21 at 21.51.00.png"; path = "../../../Desktop/Simulator Screen Shot - iPhone Xʀ - 2019-07-21 at 21.51.00.png"; sourceTree = "<group>"; };
		A0DA807622FDB63E00E28946 /* Simulator Screen Shot - iPhone Xʀ - 2019-04-11 at 21.23.54.png */ = {isa = PBXFileReference; lastKnownFileType = image.png; name = "Simulator Screen Shot - iPhone Xʀ - 2019-04-11 at 21.23.54.png"; path = "../../../Desktop/Simulator Screen Shot - iPhone Xʀ - 2019-04-11 at 21.23.54.png"; sourceTree = "<group>"; };
/* End PBXFileReference section */

/* Begin PBXFrameworksBuildPhase section */
		A07274C022F86654001D9E31 /* Frameworks */ = {
			isa = PBXFrameworksBuildPhase;
			buildActionMask = 2147483647;
			files = (
				A07274F122F86852001D9E31 /* Alamofire.framework in Frameworks */,
			);
			runOnlyForDeploymentPostprocessing = 0;
		};
/* End PBXFrameworksBuildPhase section */

/* Begin PBXGroup section */
		A07274BA22F86654001D9E31 = {
			isa = PBXGroup;
			children = (
				A07274C522F86654001D9E31 /* study013 */,
				A07274C422F86654001D9E31 /* Products */,
			);
			sourceTree = "<group>";
		};
		A07274C422F86654001D9E31 /* Products */ = {
			isa = PBXGroup;
			children = (
				A07274C322F86654001D9E31 /* study013.app */,
			);
			name = Products;
			sourceTree = "<group>";
		};
		A07274C522F86654001D9E31 /* study013 */ = {
			isa = PBXGroup;
			children = (
				A0DA807622FDB63E00E28946 /* Simulator Screen Shot - iPhone Xʀ - 2019-04-11 at 21.23.54.png */,
				A07274D822F86737001D9E31 /* Alamofire.xcodeproj */,
				A07274C622F86654001D9E31 /* AppDelegate.swift */,
				A0DA806D22FDB2A900E28946 /* Simulator Screen Shot - iPhone Xʀ - 2019-07-21 at 21.51.00.png */,
				A07274C822F86654001D9E31 /* ViewController.swift */,
				A07274F622F86AD8001D9E31 /* MyNetworkReachabilityManager.swift */,
				A07274CA22F86654001D9E31 /* Main.storyboard */,
				A07274CD22F86655001D9E31 /* Assets.xcassets */,
				A07274CF22F86655001D9E31 /* LaunchScreen.storyboard */,
				A07274D222F86655001D9E31 /* Info.plist */,
			);
			path = study013;
			sourceTree = "<group>";
		};
		A07274D922F86737001D9E31 /* Products */ = {
			isa = PBXGroup;
			children = (
				A07274E422F86737001D9E31 /* Alamofire.framework */,
				A07274E622F86737001D9E31 /* Alamofire iOS Tests.xctest */,
				A07274E822F86737001D9E31 /* Alamofire.framework */,
				A07274EA22F86737001D9E31 /* Alamofire macOS Tests.xctest */,
				A07274EC22F86737001D9E31 /* Alamofire.framework */,
				A07274EE22F86737001D9E31 /* Alamofire tvOS Tests.xctest */,
				A07274F022F86737001D9E31 /* Alamofire.framework */,
			);
			name = Products;
			sourceTree = "<group>";
		};
/* End PBXGroup section */

/* Begin PBXNativeTarget section */
		A07274C222F86654001D9E31 /* study013 */ = {
			isa = PBXNativeTarget;
			buildConfigurationList = A07274D522F86655001D9E31 /* Build configuration list for PBXNativeTarget "study013" */;
			buildPhases = (
				A07274BF22F86654001D9E31 /* Sources */,
				A07274C022F86654001D9E31 /* Frameworks */,
				A07274C122F86654001D9E31 /* Resources */,
				A07274F522F86852001D9E31 /* Embed Frameworks */,
			);
			buildRules = (
			);
			dependencies = (
				A07274F422F86852001D9E31 /* PBXTargetDependency */,
			);
			name = study013;
			productName = study013;
			productReference = A07274C322F86654001D9E31 /* study013.app */;
			productType = "com.apple.product-type.application";
		};
/* End PBXNativeTarget section */

/* Begin PBXProject section */
		A07274BB22F86654001D9E31 /* Project object */ = {
			isa = PBXProject;
			attributes = {
				LastSwiftUpdateCheck = 1020;
				LastUpgradeCheck = 1020;
				ORGANIZATIONNAME = "PeiYu Wang";
				TargetAttributes = {
					A07274C222F86654001D9E31 = {
						CreatedOnToolsVersion = 10.2.1;
					};
				};
			};
			buildConfigurationList = A07274BE22F86654001D9E31 /* Build configuration list for PBXProject "study013" */;
			compatibilityVersion = "Xcode 9.3";
			developmentRegion = en;
			hasScannedForEncodings = 0;
			knownRegions = (
				en,
				Base,
			);
			mainGroup = A07274BA22F86654001D9E31;
			productRefGroup = A07274C422F86654001D9E31 /* Products */;
			projectDirPath = "";
			projectReferences = (
				{
					ProductGroup = A07274D922F86737001D9E31 /* Products */;
					ProjectRef = A07274D822F86737001D9E31 /* Alamofire.xcodeproj */;
				},
			);
			projectRoot = "";
			targets = (
				A07274C222F86654001D9E31 /* study013 */,
			);
		};
/* End PBXProject section */

/* Begin PBXReferenceProxy section */
		A07274E422F86737001D9E31 /* Alamofire.framework */ = {
			isa = PBXReferenceProxy;
			fileType = wrapper.framework;
			path = Alamofire.framework;
			remoteRef = A07274E322F86737001D9E31 /* PBXContainerItemProxy */;
			sourceTree = BUILT_PRODUCTS_DIR;
		};
		A07274E622F86737001D9E31 /* Alamofire iOS Tests.xctest */ = {
			isa = PBXReferenceProxy;
			fileType = wrapper.cfbundle;
			path = "Alamofire iOS Tests.xctest";
			remoteRef = A07274E522F86737001D9E31 /* PBXContainerItemProxy */;
			sourceTree = BUILT_PRODUCTS_DIR;
		};
		A07274E822F86737001D9E31 /* Alamofire.framework */ = {
			isa = PBXReferenceProxy;
			fileType = wrapper.framework;
			path = Alamofire.framework;
			remoteRef = A07274E722F86737001D9E31 /* PBXContainerItemProxy */;
			sourceTree = BUILT_PRODUCTS_DIR;
		};
		A07274EA22F86737001D9E31 /* Alamofire macOS Tests.xctest */ = {
			isa = PBXReferenceProxy;
			fileType = wrapper.cfbundle;
			path = "Alamofire macOS Tests.xctest";
			remoteRef = A07274E922F86737001D9E31 /* PBXContainerItemProxy */;
			sourceTree = BUILT_PRODUCTS_DIR;
		};
		A07274EC22F86737001D9E31 /* Alamofire.framework */ = {
			isa = PBXReferenceProxy;
			fileType = wrapper.framework;
			path = Alamofire.framework;
			remoteRef = A07274EB22F86737001D9E31 /* PBXContainerItemProxy */;
			sourceTree = BUILT_PRODUCTS_DIR;
		};
		A07274EE22F86737001D9E31 /* Alamofire tvOS Tests.xctest */ = {
			isa = PBXReferenceProxy;
			fileType = wrapper.cfbundle;
			path = "Alamofire tvOS Tests.xctest";
			remoteRef = A07274ED22F86737001D9E31 /* PBXContainerItemProxy */;
			sourceTree = BUILT_PRODUCTS_DIR;
		};
		A07274F022F86737001D9E31 /* Alamofire.framework */ = {
			isa = PBXReferenceProxy;
			fileType = wrapper.framework;
			path = Alamofire.framework;
			remoteRef = A07274EF22F86737001D9E31 /* PBXContainerItemProxy */;
			sourceTree = BUILT_PRODUCTS_DIR;
		};
/* End PBXReferenceProxy section */

/* Begin PBXResourcesBuildPhase section */
		A07274C122F86654001D9E31 /* Resources */ = {
			isa = PBXResourcesBuildPhase;
			buildActionMask = 2147483647;
			files = (
				A07274D122F86655001D9E31 /* LaunchScreen.storyboard in Resources */,
				A0DA807722FDB63E00E28946 /* Simulator Screen Shot - iPhone Xʀ - 2019-04-11 at 21.23.54.png in Resources */,
				A07274CE22F86655001D9E31 /* Assets.xcassets in Resources */,
				A0DA807522FDB2A900E28946 /* Simulator Screen Shot - iPhone Xʀ - 2019-07-21 at 21.51.00.png in Resources */,
				A07274CC22F86654001D9E31 /* Main.storyboard in Resources */,
			);
			runOnlyForDeploymentPostprocessing = 0;
		};
/* End PBXResourcesBuildPhase section */

/* Begin PBXSourcesBuildPhase section */
		A07274BF22F86654001D9E31 /* Sources */ = {
			isa = PBXSourcesBuildPhase;
			buildActionMask = 2147483647;
			files = (
				A07274C922F86654001D9E31 /* ViewController.swift in Sources */,
				A07274F722F86AD8001D9E31 /* MyNetworkReachabilityManager.swift in Sources */,
				A07274C722F86654001D9E31 /* AppDelegate.swift in Sources */,
			);
			runOnlyForDeploymentPostprocessing = 0;
		};
/* End PBXSourcesBuildPhase section */

/* Begin PBXTargetDependency section */
		A07274F422F86852001D9E31 /* PBXTargetDependency */ = {
			isa = PBXTargetDependency;
			name = "Alamofire iOS";
			targetProxy = A07274F322F86852001D9E31 /* PBXContainerItemProxy */;
		};
/* End PBXTargetDependency section */

/* Begin PBXVariantGroup section */
		A07274CA22F86654001D9E31 /* Main.storyboard */ = {
			isa = PBXVariantGroup;
			children = (
				A07274CB22F86654001D9E31 /* Base */,
			);
			name = Main.storyboard;
			sourceTree = "<group>";
		};
		A07274CF22F86655001D9E31 /* LaunchScreen.storyboard */ = {
			isa = PBXVariantGroup;
			children = (
				A07274D022F86655001D9E31 /* Base */,
			);
			name = LaunchScreen.storyboard;
			sourceTree = "<group>";
		};
/* End PBXVariantGroup section */

/* Begin XCBuildConfiguration section */
		A07274D322F86655001D9E31 /* Debug */ = {
			isa = XCBuildConfiguration;
			buildSettings = {
				ALWAYS_SEARCH_USER_PATHS = NO;
				CLANG_ANALYZER_NONNULL = YES;
				CLANG_ANALYZER_NUMBER_OBJECT_CONVERSION = YES_AGGRESSIVE;
				CLANG_CXX_LANGUAGE_STANDARD = "gnu++14";
				CLANG_CXX_LIBRARY = "libc++";
				CLANG_ENABLE_MODULES = YES;
				CLANG_ENABLE_OBJC_ARC = YES;
				CLANG_ENABLE_OBJC_WEAK = YES;
				CLANG_WARN_BLOCK_CAPTURE_AUTORELEASING = YES;
				CLANG_WARN_BOOL_CONVERSION = YES;
				CLANG_WARN_COMMA = YES;
				CLANG_WARN_CONSTANT_CONVERSION = YES;
				CLANG_WARN_DEPRECATED_OBJC_IMPLEMENTATIONS = YES;
				CLANG_WARN_DIRECT_OBJC_ISA_USAGE = YES_ERROR;
				CLANG_WARN_DOCUMENTATION_COMMENTS = YES;
				CLANG_WARN_EMPTY_BODY = YES;
				CLANG_WARN_ENUM_CONVERSION = YES;
				CLANG_WARN_INFINITE_RECURSION = YES;
				CLANG_WARN_INT_CONVERSION = YES;
				CLANG_WARN_NON_LITERAL_NULL_CONVERSION = YES;
				CLANG_WARN_OBJC_IMPLICIT_RETAIN_SELF = YES;
				CLANG_WARN_OBJC_LITERAL_CONVERSION = YES;
				CLANG_WARN_OBJC_ROOT_CLASS = YES_ERROR;
				CLANG_WARN_RANGE_LOOP_ANALYSIS = YES;
				CLANG_WARN_STRICT_PROTOTYPES = YES;
				CLANG_WARN_SUSPICIOUS_MOVE = YES;
				CLANG_WARN_UNGUARDED_AVAILABILITY = YES_AGGRESSIVE;
				CLANG_WARN_UNREACHABLE_CODE = YES;
				CLANG_WARN__DUPLICATE_METHOD_MATCH = YES;
				CODE_SIGN_IDENTITY = "iPhone Developer";
				COPY_PHASE_STRIP = NO;
				DEBUG_INFORMATION_FORMAT = dwarf;
				ENABLE_STRICT_OBJC_MSGSEND = YES;
				ENABLE_TESTABILITY = YES;
				GCC_C_LANGUAGE_STANDARD = gnu11;
				GCC_DYNAMIC_NO_PIC = NO;
				GCC_NO_COMMON_BLOCKS = YES;
				GCC_OPTIMIZATION_LEVEL = 0;
				GCC_PREPROCESSOR_DEFINITIONS = (
					"DEBUG=1",
					"$(inherited)",
				);
				GCC_WARN_64_TO_32_BIT_CONVERSION = YES;
				GCC_WARN_ABOUT_RETURN_TYPE = YES_ERROR;
				GCC_WARN_UNDECLARED_SELECTOR = YES;
				GCC_WARN_UNINITIALIZED_AUTOS = YES_AGGRESSIVE;
				GCC_WARN_UNUSED_FUNCTION = YES;
				GCC_WARN_UNUSED_VARIABLE = YES;
				IPHONEOS_DEPLOYMENT_TARGET = 12.2;
				MTL_ENABLE_DEBUG_INFO = INCLUDE_SOURCE;
				MTL_FAST_MATH = YES;
				ONLY_ACTIVE_ARCH = NO;
				SDKROOT = iphoneos;
				SWIFT_ACTIVE_COMPILATION_CONDITIONS = DEBUG;
				SWIFT_OPTIMIZATION_LEVEL = "-Onone";
			};
			name = Debug;
		};
		A07274D422F86655001D9E31 /* Release */ = {
			isa = XCBuildConfiguration;
			buildSettings = {
				ALWAYS_SEARCH_USER_PATHS = NO;
				CLANG_ANALYZER_NONNULL = YES;
				CLANG_ANALYZER_NUMBER_OBJECT_CONVERSION = YES_AGGRESSIVE;
				CLANG_CXX_LANGUAGE_STANDARD = "gnu++14";
				CLANG_CXX_LIBRARY = "libc++";
				CLANG_ENABLE_MODULES = YES;
				CLANG_ENABLE_OBJC_ARC = YES;
				CLANG_ENABLE_OBJC_WEAK = YES;
				CLANG_WARN_BLOCK_CAPTURE_AUTORELEASING = YES;
				CLANG_WARN_BOOL_CONVERSION = YES;
				CLANG_WARN_COMMA = YES;
				CLANG_WARN_CONSTANT_CONVERSION = YES;
				CLANG_WARN_DEPRECATED_OBJC_IMPLEMENTATIONS = YES;
				CLANG_WARN_DIRECT_OBJC_ISA_USAGE = YES_ERROR;
				CLANG_WARN_DOCUMENTATION_COMMENTS = YES;
				CLANG_WARN_EMPTY_BODY = YES;
				CLANG_WARN_ENUM_CONVERSION = YES;
				CLANG_WARN_INFINITE_RECURSION = YES;
				CLANG_WARN_INT_CONVERSION = YES;
				CLANG_WARN_NON_LITERAL_NULL_CONVERSION = YES;
				CLANG_WARN_OBJC_IMPLICIT_RETAIN_SELF = YES;
				CLANG_WARN_OBJC_LITERAL_CONVERSION = YES;
				CLANG_WARN_OBJC_ROOT_CLASS = YES_ERROR;
				CLANG_WARN_RANGE_LOOP_ANALYSIS = YES;
				CLANG_WARN_STRICT_PROTOTYPES = YES;
				CLANG_WARN_SUSPICIOUS_MOVE = YES;
				CLANG_WARN_UNGUARDED_AVAILABILITY = YES_AGGRESSIVE;
				CLANG_WARN_UNREACHABLE_CODE = YES;
				CLANG_WARN__DUPLICATE_METHOD_MATCH = YES;
				CODE_SIGN_IDENTITY = "iPhone Developer";
				COPY_PHASE_STRIP = NO;
				DEBUG_INFORMATION_FORMAT = "dwarf-with-dsym";
				ENABLE_NS_ASSERTIONS = NO;
				ENABLE_STRICT_OBJC_MSGSEND = YES;
				GCC_C_LANGUAGE_STANDARD = gnu11;
				GCC_NO_COMMON_BLOCKS = YES;
				GCC_WARN_64_TO_32_BIT_CONVERSION = YES;
				GCC_WARN_ABOUT_RETURN_TYPE = YES_ERROR;
				GCC_WARN_UNDECLARED_SELECTOR = YES;
				GCC_WARN_UNINITIALIZED_AUTOS = YES_AGGRESSIVE;
				GCC_WARN_UNUSED_FUNCTION = YES;
				GCC_WARN_UNUSED_VARIABLE = YES;
				IPHONEOS_DEPLOYMENT_TARGET = 12.2;
				MTL_ENABLE_DEBUG_INFO = NO;
				MTL_FAST_MATH = YES;
				ONLY_ACTIVE_ARCH = YES;
				SDKROOT = iphoneos;
				SWIFT_COMPILATION_MODE = wholemodule;
				SWIFT_OPTIMIZATION_LEVEL = "-O";
				VALIDATE_PRODUCT = YES;
			};
			name = Release;
		};
		A07274D622F86655001D9E31 /* Debug */ = {
			isa = XCBuildConfiguration;
			buildSettings = {
				ALWAYS_EMBED_SWIFT_STANDARD_LIBRARIES = YES;
				ASSETCATALOG_COMPILER_APPICON_NAME = AppIcon;
				CODE_SIGN_STYLE = Automatic;
				DEVELOPMENT_TEAM = "";
				INFOPLIST_FILE = study013/Info.plist;
				LD_RUNPATH_SEARCH_PATHS = (
					"$(inherited)",
					"@executable_path/Frameworks",
				);
				PRODUCT_BUNDLE_IDENTIFIER = com.ganjindi.study013;
				PRODUCT_NAME = "$(TARGET_NAME)";
				SWIFT_VERSION = 5.0;
				TARGETED_DEVICE_FAMILY = "1,2";
			};
			name = Debug;
		};
		A07274D722F86655001D9E31 /* Release */ = {
			isa = XCBuildConfiguration;
			buildSettings = {
				ALWAYS_EMBED_SWIFT_STANDARD_LIBRARIES = YES;
				ASSETCATALOG_COMPILER_APPICON_NAME = AppIcon;
				CODE_SIGN_STYLE = Automatic;
				DEVELOPMENT_TEAM = "";
				INFOPLIST_FILE = study013/Info.plist;
				LD_RUNPATH_SEARCH_PATHS = (
					"$(inherited)",
					"@executable_path/Frameworks",
				);
				PRODUCT_BUNDLE_IDENTIFIER = com.ganjindi.study013;
				PRODUCT_NAME = "$(TARGET_NAME)";
				SWIFT_VERSION = 5.0;
				TARGETED_DEVICE_FAMILY = "1,2";
			};
			name = Release;
		};
/* End XCBuildConfiguration section */

/* Begin XCConfigurationList section */
		A07274BE22F86654001D9E31 /* Build configuration list for PBXProject "study013" */ = {
			isa = XCConfigurationList;
			buildConfigurations = (
				A07274D322F86655001D9E31 /* Debug */,
				A07274D422F86655001D9E31 /* Release */,
			);
			defaultConfigurationIsVisible = 0;
			defaultConfigurationName = Release;
		};
		A07274D522F86655001D9E31 /* Build configuration list for PBXNativeTarget "study013" */ = {
			isa = XCConfigurationList;
			buildConfigurations = (
				A07274D622F86655001D9E31 /* Debug */,
				A07274D722F86655001D9E31 /* Release */,
			);
			defaultConfigurationIsVisible = 0;
			defaultConfigurationName = Release;
		};
/* End XCConfigurationList section */
	};
	rootObject = A07274BB22F86654001D9E31 /* Project object */;
}
